
Microsoft Visual Studio Solution File, Format Version 12.00
# Visual Studio 15
VisualStudioVersion = 15.0.28307.168
MinimumVisualStudioVersion = 10.0.40219.1
Project("{FAE04EC0-301F-11D3-BF4B-00C04F79EFBC}") = "CADServer", "CADServer\CADServer.csproj", "{4425179C-72AF-4495-AB55-5A19EB720EBE}"
EndProject
Global
	GlobalSection(SolutionConfigurationPlatforms) = preSolution
		Debug|Any CPU = Debug|Any CPU
		Release|Any CPU = Release|Any CPU
	EndGlobalSection
	GlobalSection(ProjectConfigurationPlatforms) = postSolution
		{4425179C-72AF-4495-AB55-5A19EB720EBE}.Debug|Any CPU.ActiveCfg = Debug|Any CPU
		{4425179C-72AF-4495-AB55-5A19EB720EBE}.Debug|Any CPU.Build.0 = Debug|Any CPU
		{4425179C-72AF-4495-AB55-5A19EB720EBE}.Release|Any CPU.ActiveCfg = Release|Any CPU
		{4425179C-72AF-4495-AB55-5A19EB720EBE}.Release|Any CPU.Build.0 = Release|Any CPU
	EndGlobalSection
	GlobalSection(SolutionProperties) = preSolution
		HideSolutionNode = FALSE
	EndGlobalSection
	GlobalSection(ExtensibilityGlobals) = postSolution
		SolutionGuid = {EEAA7B9A-1DF1-4B20-97C6-7A84A62E89C2}
	EndGlobalSection
EndGlobal
